
Microsoft Visual Studio Solution File, Format Version 12.00
# Visual Studio Version 16
VisualStudioVersion = 16.0.30611.23
MinimumVisualStudioVersion = 10.0.40219.1
Project("{9A19103F-16F7-4668-BE54-9A1E7A4F7556}") = "SalesWebMVC", "SalesWebMVC.csproj", "{7F25D72A-0ADE-4666-9C8C-B0C2DA1DD517}"
EndProject
Global
	GlobalSection(SolutionConfigurationPlatforms) = preSolution
		Debug|Any CPU = Debug|Any CPU
		Release|Any CPU = Release|Any CPU
	EndGlobalSection
	GlobalSection(ProjectConfigurationPlatforms) = postSolution
		{7F25D72A-0ADE-4666-9C8C-B0C2DA1DD517}.Debug|Any CPU.ActiveCfg = Debug|Any CPU
		{7F25D72A-0ADE-4666-9C8C-B0C2DA1DD517}.Debug|Any CPU.Build.0 = Debug|Any CPU
		{7F25D72A-0ADE-4666-9C8C-B0C2DA1DD517}.Release|Any CPU.ActiveCfg = Release|Any CPU
		{7F25D72A-0ADE-4666-9C8C-B0C2DA1DD517}.Release|Any CPU.Build.0 = Release|Any CPU
	EndGlobalSection
	GlobalSection(SolutionProperties) = preSolution
		HideSolutionNode = FALSE
	EndGlobalSection
	GlobalSection(ExtensibilityGlobals) = postSolution
		SolutionGuid = {93C6ABFB-6ECA-4BF6-941D-EE57E1C41875}
	EndGlobalSection
EndGlobal
